# This file is automatically @generated by Cargo.
# It is not intended for manual editing.
version = 4

[[package]]
name = "human_format"
version = "1.2.1"
source = "registry+https://github.com/rust-lang/crates.io-index"
checksum = "eaec953f16e5bcf6b8a3cb3aa959b17e5577dbd2693e94554c462c08be22624b"

[[package]]
name = "save_editor"
version = "0.1.0"
dependencies = [
 "human_format",
 "save_parser",
]

[[package]]
name = "save_parser"
version = "0.1.0"
